
Microsoft Visual Studio Solution File, Format Version 12.00
# Visual Studio Version 16
VisualStudioVersion = 16.0.31624.102
MinimumVisualStudioVersion = 10.0.40219.1
Project("{FAE04EC0-301F-11D3-BF4B-00C04F79EFBC}") = "TRMDataManager", "TRMDataManager\TRMDataManager.csproj", "{137DEB0F-268B-462C-8602-27A8991B080C}"
EndProject
Project("{00D1A9C2-B5F0-4AF3-8072-F6C62B433612}") = "TRMData", "TRMData\TRMData.sqlproj", "{34521939-EAD7-45EF-A548-C40A956BB388}"
EndProject
Project("{FAE04EC0-301F-11D3-BF4B-00C04F79EFBC}") = "TRMDesktopUI", "TRMDesktopUI\TRMDesktopUI.csproj", "{D7331C9D-C6A2-40EB-B87A-4205EC7424EB}"
EndProject
Project("{FAE04EC0-301F-11D3-BF4B-00C04F79EFBC}") = "TRMDataManager.Library", "TRMDataManager.Library\TRMDataManager.Library.csproj", "{E1DF6A42-EA03-47E3-8800-F1F947E7B555}"
EndProject
Project("{FAE04EC0-301F-11D3-BF4B-00C04F79EFBC}") = "TRMDesktopUI.Library", "TRMDesktopUI.Library\TRMDesktopUI.Library.csproj", "{28363C1C-DEB5-4C53-AA9A-670780BE2469}"
EndProject
Global
	GlobalSection(SolutionConfigurationPlatforms) = preSolution
		Debug|Any CPU = Debug|Any CPU
		Release|Any CPU = Release|Any CPU
	EndGlobalSection
	GlobalSection(ProjectConfigurationPlatforms) = postSolution
		{137DEB0F-268B-462C-8602-27A8991B080C}.Debug|Any CPU.ActiveCfg = Debug|Any CPU
		{137DEB0F-268B-462C-8602-27A8991B080C}.Debug|Any CPU.Build.0 = Debug|Any CPU
		{137DEB0F-268B-462C-8602-27A8991B080C}.Release|Any CPU.ActiveCfg = Release|Any CPU
		{137DEB0F-268B-462C-8602-27A8991B080C}.Release|Any CPU.Build.0 = Release|Any CPU
		{34521939-EAD7-45EF-A548-C40A956BB388}.Debug|Any CPU.ActiveCfg = Debug|Any CPU
		{34521939-EAD7-45EF-A548-C40A956BB388}.Debug|Any CPU.Build.0 = Debug|Any CPU
		{34521939-EAD7-45EF-A548-C40A956BB388}.Debug|Any CPU.Deploy.0 = Debug|Any CPU
		{34521939-EAD7-45EF-A548-C40A956BB388}.Release|Any CPU.ActiveCfg = Release|Any CPU
		{34521939-EAD7-45EF-A548-C40A956BB388}.Release|Any CPU.Build.0 = Release|Any CPU
		{34521939-EAD7-45EF-A548-C40A956BB388}.Release|Any CPU.Deploy.0 = Release|Any CPU
		{D7331C9D-C6A2-40EB-B87A-4205EC7424EB}.Debug|Any CPU.ActiveCfg = Debug|Any CPU
		{D7331C9D-C6A2-40EB-B87A-4205EC7424EB}.Debug|Any CPU.Build.0 = Debug|Any CPU
		{D7331C9D-C6A2-40EB-B87A-4205EC7424EB}.Release|Any CPU.ActiveCfg = Release|Any CPU
		{D7331C9D-C6A2-40EB-B87A-4205EC7424EB}.Release|Any CPU.Build.0 = Release|Any CPU
		{E1DF6A42-EA03-47E3-8800-F1F947E7B555}.Debug|Any CPU.ActiveCfg = Debug|Any CPU
		{E1DF6A42-EA03-47E3-8800-F1F947E7B555}.Debug|Any CPU.Build.0 = Debug|Any CPU
		{E1DF6A42-EA03-47E3-8800-F1F947E7B555}.Release|Any CPU.ActiveCfg = Release|Any CPU
		{E1DF6A42-EA03-47E3-8800-F1F947E7B555}.Release|Any CPU.Build.0 = Release|Any CPU
		{28363C1C-DEB5-4C53-AA9A-670780BE2469}.Debug|Any CPU.ActiveCfg = Debug|Any CPU
		{28363C1C-DEB5-4C53-AA9A-670780BE2469}.Debug|Any CPU.Build.0 = Debug|Any CPU
		{28363C1C-DEB5-4C53-AA9A-670780BE2469}.Release|Any CPU.ActiveCfg = Release|Any CPU
		{28363C1C-DEB5-4C53-AA9A-670780BE2469}.Release|Any CPU.Build.0 = Release|Any CPU
	EndGlobalSection
	GlobalSection(SolutionProperties) = preSolution
		HideSolutionNode = FALSE
	EndGlobalSection
	GlobalSection(ExtensibilityGlobals) = postSolution
		SolutionGuid = {38EA45E5-0CA8-4D29-B83A-9F247FA9BF73}
	EndGlobalSection
EndGlobal
