
Microsoft Visual Studio Solution File, Format Version 12.00
# Visual Studio Version 16
VisualStudioVersion = 16.0.31624.102
MinimumVisualStudioVersion = 10.0.40219.1
Project("{FAE04EC0-301F-11D3-BF4B-00C04F79EFBC}") = "TRMDataManager", "TRMDataManager\TRMDataManager.csproj", "{137DEB0F-268B-462C-8602-27A8991B080C}"
EndProject
Global
	GlobalSection(SolutionConfigurationPlatforms) = preSolution
		Debug|Any CPU = Debug|Any CPU
		Release|Any CPU = Release|Any CPU
	EndGlobalSection
	GlobalSection(ProjectConfigurationPlatforms) = postSolution
		{137DEB0F-268B-462C-8602-27A8991B080C}.Debug|Any CPU.ActiveCfg = Debug|Any CPU
		{137DEB0F-268B-462C-8602-27A8991B080C}.Debug|Any CPU.Build.0 = Debug|Any CPU
		{137DEB0F-268B-462C-8602-27A8991B080C}.Release|Any CPU.ActiveCfg = Release|Any CPU
		{137DEB0F-268B-462C-8602-27A8991B080C}.Release|Any CPU.Build.0 = Release|Any CPU
	EndGlobalSection
	GlobalSection(SolutionProperties) = preSolution
		HideSolutionNode = FALSE
	EndGlobalSection
	GlobalSection(ExtensibilityGlobals) = postSolution
		SolutionGuid = {38EA45E5-0CA8-4D29-B83A-9F247FA9BF73}
	EndGlobalSection
EndGlobal
